// !$*UTF8*$!
{
	archiveVersion = 1;
	classes = {
	};
	objectVersion = 55;
	objects = {

/* Begin PBXBuildFile section */
		8AA15E6E288415DA005A7D75 /* AppDelegate.swift in Sources */ = {isa = PBXBuildFile; fileRef = 8AA15E6D288415DA005A7D75 /* AppDelegate.swift */; };
		8AA15E70288415DA005A7D75 /* SceneDelegate.swift in Sources */ = {isa = PBXBuildFile; fileRef = 8AA15E6F288415DA005A7D75 /* SceneDelegate.swift */; };
		8AA15E77288415DE005A7D75 /* Assets.xcassets in Resources */ = {isa = PBXBuildFile; fileRef = 8AA15E76288415DE005A7D75 /* Assets.xcassets */; };
		8AA15E7A288415DE005A7D75 /* LaunchScreen.storyboard in Resources */ = {isa = PBXBuildFile; fileRef = 8AA15E78288415DE005A7D75 /* LaunchScreen.storyboard */; };
		8AA15E85288415DF005A7D75 /* GitHubRepoListTests.swift in Sources */ = {isa = PBXBuildFile; fileRef = 8AA15E84288415DF005A7D75 /* GitHubRepoListTests.swift */; };
		8AA15E8F288415DF005A7D75 /* GitHubRepoListUITests.swift in Sources */ = {isa = PBXBuildFile; fileRef = 8AA15E8E288415DF005A7D75 /* GitHubRepoListUITests.swift */; };
		8AA15E91288415DF005A7D75 /* GitHubRepoListUITestsLaunchTests.swift in Sources */ = {isa = PBXBuildFile; fileRef = 8AA15E90288415DF005A7D75 /* GitHubRepoListUITestsLaunchTests.swift */; };
		8AA15E9E28841686005A7D75 /* RootViewController.swift in Sources */ = {isa = PBXBuildFile; fileRef = 8AA15E9D28841686005A7D75 /* RootViewController.swift */; };
		8AA15EA12884175F005A7D75 /* AppNavigationHandler.swift in Sources */ = {isa = PBXBuildFile; fileRef = 8AA15EA02884175F005A7D75 /* AppNavigationHandler.swift */; };
		8AA15EA528841890005A7D75 /* ProfileViewController.swift in Sources */ = {isa = PBXBuildFile; fileRef = 8AA15EA328841890005A7D75 /* ProfileViewController.swift */; };
		8AA15EA628841890005A7D75 /* ProfileViewController.xib in Resources */ = {isa = PBXBuildFile; fileRef = 8AA15EA428841890005A7D75 /* ProfileViewController.xib */; };
		8AA15EAA28842145005A7D75 /* NetworkManager.swift in Sources */ = {isa = PBXBuildFile; fileRef = 8AA15EA928842145005A7D75 /* NetworkManager.swift */; };
		8AA15EAE288421D3005A7D75 /* ProfileInfo.swift in Sources */ = {isa = PBXBuildFile; fileRef = 8AA15EAD288421D3005A7D75 /* ProfileInfo.swift */; };
		8AA15EB0288423D9005A7D75 /* ProfileViewModel.swift in Sources */ = {isa = PBXBuildFile; fileRef = 8AA15EAF288423D9005A7D75 /* ProfileViewModel.swift */; };
		8AA15EB428843376005A7D75 /* ProfileTableViewCell.swift in Sources */ = {isa = PBXBuildFile; fileRef = 8AA15EB228843376005A7D75 /* ProfileTableViewCell.swift */; };
		8AA15EB528843376005A7D75 /* ProfileTableViewCell.xib in Resources */ = {isa = PBXBuildFile; fileRef = 8AA15EB328843376005A7D75 /* ProfileTableViewCell.xib */; };
		8AA15EB828844A53005A7D75 /* RepoTableViewCell.swift in Sources */ = {isa = PBXBuildFile; fileRef = 8AA15EB628844A53005A7D75 /* RepoTableViewCell.swift */; };
		8AA15EB928844A53005A7D75 /* RepoTableViewCell.xib in Resources */ = {isa = PBXBuildFile; fileRef = 8AA15EB728844A53005A7D75 /* RepoTableViewCell.xib */; };
		8AAEC65D2889B1AF0009C73C /* RepoInfo.swift in Sources */ = {isa = PBXBuildFile; fileRef = 8AAEC65C2889B1AF0009C73C /* RepoInfo.swift */; };
		8AAEC6602889C0460009C73C /* ImageLoader.swift in Sources */ = {isa = PBXBuildFile; fileRef = 8AAEC65F2889C0460009C73C /* ImageLoader.swift */; };
		8AAEC6632889C0D80009C73C /* Constants.swift in Sources */ = {isa = PBXBuildFile; fileRef = 8AAEC6622889C0D80009C73C /* Constants.swift */; };
/* End PBXBuildFile section */

/* Begin PBXContainerItemProxy section */
		8AA15E81288415DF005A7D75 /* PBXContainerItemProxy */ = {
			isa = PBXContainerItemProxy;
			containerPortal = 8AA15E62288415D9005A7D75 /* Project object */;
			proxyType = 1;
			remoteGlobalIDString = 8AA15E69288415DA005A7D75;
			remoteInfo = GitHubRepoList;
		};
		8AA15E8B288415DF005A7D75 /* PBXContainerItemProxy */ = {
			isa = PBXContainerItemProxy;
			containerPortal = 8AA15E62288415D9005A7D75 /* Project object */;
			proxyType = 1;
			remoteGlobalIDString = 8AA15E69288415DA005A7D75;
			remoteInfo = GitHubRepoList;
		};
/* End PBXContainerItemProxy section */

/* Begin PBXFileReference section */
		8AA15E6A288415DA005A7D75 /* GitHubRepoList.app */ = {isa = PBXFileReference; explicitFileType = wrapper.application; includeInIndex = 0; path = GitHubRepoList.app; sourceTree = BUILT_PRODUCTS_DIR; };
		8AA15E6D288415DA005A7D75 /* AppDelegate.swift */ = {isa = PBXFileReference; lastKnownFileType = sourcecode.swift; path = AppDelegate.swift; sourceTree = "<group>"; };
		8AA15E6F288415DA005A7D75 /* SceneDelegate.swift */ = {isa = PBXFileReference; lastKnownFileType = sourcecode.swift; path = SceneDelegate.swift; sourceTree = "<group>"; };
		8AA15E76288415DE005A7D75 /* Assets.xcassets */ = {isa = PBXFileReference; lastKnownFileType = folder.assetcatalog; path = Assets.xcassets; sourceTree = "<group>"; };
		8AA15E79288415DE005A7D75 /* Base */ = {isa = PBXFileReference; lastKnownFileType = file.storyboard; name = Base; path = Base.lproj/LaunchScreen.storyboard; sourceTree = "<group>"; };
		8AA15E7B288415DE005A7D75 /* Info.plist */ = {isa = PBXFileReference; lastKnownFileType = text.plist.xml; path = Info.plist; sourceTree = "<group>"; };
		8AA15E80288415DF005A7D75 /* GitHubRepoListTests.xctest */ = {isa = PBXFileReference; explicitFileType = wrapper.cfbundle; includeInIndex = 0; path = GitHubRepoListTests.xctest; sourceTree = BUILT_PRODUCTS_DIR; };
		8AA15E84288415DF005A7D75 /* GitHubRepoListTests.swift */ = {isa = PBXFileReference; lastKnownFileType = sourcecode.swift; path = GitHubRepoListTests.swift; sourceTree = "<group>"; };
		8AA15E8A288415DF005A7D75 /* GitHubRepoListUITests.xctest */ = {isa = PBXFileReference; explicitFileType = wrapper.cfbundle; includeInIndex = 0; path = GitHubRepoListUITests.xctest; sourceTree = BUILT_PRODUCTS_DIR; };
		8AA15E8E288415DF005A7D75 /* GitHubRepoListUITests.swift */ = {isa = PBXFileReference; lastKnownFileType = sourcecode.swift; path = GitHubRepoListUITests.swift; sourceTree = "<group>"; };
		8AA15E90288415DF005A7D75 /* GitHubRepoListUITestsLaunchTests.swift */ = {isa = PBXFileReference; lastKnownFileType = sourcecode.swift; path = GitHubRepoListUITestsLaunchTests.swift; sourceTree = "<group>"; };
		8AA15E9D28841686005A7D75 /* RootViewController.swift */ = {isa = PBXFileReference; lastKnownFileType = sourcecode.swift; path = RootViewController.swift; sourceTree = "<group>"; };
		8AA15EA02884175F005A7D75 /* AppNavigationHandler.swift */ = {isa = PBXFileReference; lastKnownFileType = sourcecode.swift; path = AppNavigationHandler.swift; sourceTree = "<group>"; };
		8AA15EA328841890005A7D75 /* ProfileViewController.swift */ = {isa = PBXFileReference; lastKnownFileType = sourcecode.swift; path = ProfileViewController.swift; sourceTree = "<group>"; };
		8AA15EA428841890005A7D75 /* ProfileViewController.xib */ = {isa = PBXFileReference; lastKnownFileType = file.xib; path = ProfileViewController.xib; sourceTree = "<group>"; };
		8AA15EA928842145005A7D75 /* NetworkManager.swift */ = {isa = PBXFileReference; lastKnownFileType = sourcecode.swift; path = NetworkManager.swift; sourceTree = "<group>"; };
		8AA15EAD288421D3005A7D75 /* ProfileInfo.swift */ = {isa = PBXFileReference; lastKnownFileType = sourcecode.swift; path = ProfileInfo.swift; sourceTree = "<group>"; };
		8AA15EAF288423D9005A7D75 /* ProfileViewModel.swift */ = {isa = PBXFileReference; lastKnownFileType = sourcecode.swift; path = ProfileViewModel.swift; sourceTree = "<group>"; };
		8AA15EB228843376005A7D75 /* ProfileTableViewCell.swift */ = {isa = PBXFileReference; lastKnownFileType = sourcecode.swift; path = ProfileTableViewCell.swift; sourceTree = "<group>"; };
		8AA15EB328843376005A7D75 /* ProfileTableViewCell.xib */ = {isa = PBXFileReference; lastKnownFileType = file.xib; path = ProfileTableViewCell.xib; sourceTree = "<group>"; };
		8AA15EB628844A53005A7D75 /* RepoTableViewCell.swift */ = {isa = PBXFileReference; lastKnownFileType = sourcecode.swift; path = RepoTableViewCell.swift; sourceTree = "<group>"; };
		8AA15EB728844A53005A7D75 /* RepoTableViewCell.xib */ = {isa = PBXFileReference; lastKnownFileType = file.xib; path = RepoTableViewCell.xib; sourceTree = "<group>"; };
		8AAEC65C2889B1AF0009C73C /* RepoInfo.swift */ = {isa = PBXFileReference; lastKnownFileType = sourcecode.swift; path = RepoInfo.swift; sourceTree = "<group>"; };
		8AAEC65F2889C0460009C73C /* ImageLoader.swift */ = {isa = PBXFileReference; lastKnownFileType = sourcecode.swift; path = ImageLoader.swift; sourceTree = "<group>"; };
		8AAEC6622889C0D80009C73C /* Constants.swift */ = {isa = PBXFileReference; lastKnownFileType = sourcecode.swift; path = Constants.swift; sourceTree = "<group>"; };
/* End PBXFileReference section */

/* Begin PBXFrameworksBuildPhase section */
		8AA15E67288415DA005A7D75 /* Frameworks */ = {
			isa = PBXFrameworksBuildPhase;
			buildActionMask = 2147483647;
			files = (
			);
			runOnlyForDeploymentPostprocessing = 0;
		};
		8AA15E7D288415DF005A7D75 /* Frameworks */ = {
			isa = PBXFrameworksBuildPhase;
			buildActionMask = 2147483647;
			files = (
			);
			runOnlyForDeploymentPostprocessing = 0;
		};
		8AA15E87288415DF005A7D75 /* Frameworks */ = {
			isa = PBXFrameworksBuildPhase;
			buildActionMask = 2147483647;
			files = (
			);
			runOnlyForDeploymentPostprocessing = 0;
		};
/* End PBXFrameworksBuildPhase section */

/* Begin PBXGroup section */
		8AA15E61288415D9005A7D75 = {
			isa = PBXGroup;
			children = (
				8AA15E6C288415DA005A7D75 /* GitHubRepoList */,
				8AA15E83288415DF005A7D75 /* GitHubRepoListTests */,
				8AA15E8D288415DF005A7D75 /* GitHubRepoListUITests */,
				8AA15E6B288415DA005A7D75 /* Products */,
			);
			sourceTree = "<group>";
		};
		8AA15E6B288415DA005A7D75 /* Products */ = {
			isa = PBXGroup;
			children = (
				8AA15E6A288415DA005A7D75 /* GitHubRepoList.app */,
				8AA15E80288415DF005A7D75 /* GitHubRepoListTests.xctest */,
				8AA15E8A288415DF005A7D75 /* GitHubRepoListUITests.xctest */,
			);
			name = Products;
			sourceTree = "<group>";
		};
		8AA15E6C288415DA005A7D75 /* GitHubRepoList */ = {
			isa = PBXGroup;
			children = (
				8AAEC6612889C0A40009C73C /* Constant */,
				8AAEC65E2889C0230009C73C /* Utils */,
				8AA15EA828842126005A7D75 /* Networking */,
				8AA15EA728841F42005A7D75 /* Launch */,
				8AA15EA22884184E005A7D75 /* Controllers */,
				8AA15E9F2884172C005A7D75 /* Common */,
				8AA15E76288415DE005A7D75 /* Assets.xcassets */,
				8AA15E7B288415DE005A7D75 /* Info.plist */,
			);
			path = GitHubRepoList;
			sourceTree = "<group>";
		};
		8AA15E83288415DF005A7D75 /* GitHubRepoListTests */ = {
			isa = PBXGroup;
			children = (
				8AA15E84288415DF005A7D75 /* GitHubRepoListTests.swift */,
			);
			path = GitHubRepoListTests;
			sourceTree = "<group>";
		};
		8AA15E8D288415DF005A7D75 /* GitHubRepoListUITests */ = {
			isa = PBXGroup;
			children = (
				8AA15E8E288415DF005A7D75 /* GitHubRepoListUITests.swift */,
				8AA15E90288415DF005A7D75 /* GitHubRepoListUITestsLaunchTests.swift */,
			);
			path = GitHubRepoListUITests;
			sourceTree = "<group>";
		};
		8AA15E9F2884172C005A7D75 /* Common */ = {
			isa = PBXGroup;
			children = (
				8AA15EA02884175F005A7D75 /* AppNavigationHandler.swift */,
			);
			path = Common;
			sourceTree = "<group>";
		};
		8AA15EA22884184E005A7D75 /* Controllers */ = {
			isa = PBXGroup;
			children = (
				8AA15EAB2884219A005A7D75 /* Profile */,
			);
			path = Controllers;
			sourceTree = "<group>";
		};
		8AA15EA728841F42005A7D75 /* Launch */ = {
			isa = PBXGroup;
			children = (
				8AA15E9D28841686005A7D75 /* RootViewController.swift */,
				8AA15E6D288415DA005A7D75 /* AppDelegate.swift */,
				8AA15E6F288415DA005A7D75 /* SceneDelegate.swift */,
				8AA15E78288415DE005A7D75 /* LaunchScreen.storyboard */,
			);
			path = Launch;
			sourceTree = "<group>";
		};
		8AA15EA828842126005A7D75 /* Networking */ = {
			isa = PBXGroup;
			children = (
				8AA15EA928842145005A7D75 /* NetworkManager.swift */,
			);
			path = Networking;
			sourceTree = "<group>";
		};
		8AA15EAB2884219A005A7D75 /* Profile */ = {
			isa = PBXGroup;
			children = (
				8AA15EB128843356005A7D75 /* Cells */,
				8AA15EAC288421B2005A7D75 /* Models */,
				8AA15EA328841890005A7D75 /* ProfileViewController.swift */,
				8AA15EA428841890005A7D75 /* ProfileViewController.xib */,
			);
			path = Profile;
			sourceTree = "<group>";
		};
		8AA15EAC288421B2005A7D75 /* Models */ = {
			isa = PBXGroup;
			children = (
				8AA15EAD288421D3005A7D75 /* ProfileInfo.swift */,
				8AA15EAF288423D9005A7D75 /* ProfileViewModel.swift */,
				8AAEC65C2889B1AF0009C73C /* RepoInfo.swift */,
			);
			path = Models;
			sourceTree = "<group>";
		};
		8AA15EB128843356005A7D75 /* Cells */ = {
			isa = PBXGroup;
			children = (
				8AA15EB228843376005A7D75 /* ProfileTableViewCell.swift */,
				8AA15EB328843376005A7D75 /* ProfileTableViewCell.xib */,
				8AA15EB628844A53005A7D75 /* RepoTableViewCell.swift */,
				8AA15EB728844A53005A7D75 /* RepoTableViewCell.xib */,
			);
			path = Cells;
			sourceTree = "<group>";
		};
		8AAEC65E2889C0230009C73C /* Utils */ = {
			isa = PBXGroup;
			children = (
				8AAEC65F2889C0460009C73C /* ImageLoader.swift */,
			);
			path = Utils;
			sourceTree = "<group>";
		};
		8AAEC6612889C0A40009C73C /* Constant */ = {
			isa = PBXGroup;
			children = (
				8AAEC6622889C0D80009C73C /* Constants.swift */,
			);
			path = Constant;
			sourceTree = "<group>";
		};
/* End PBXGroup section */

/* Begin PBXNativeTarget section */
		8AA15E69288415DA005A7D75 /* GitHubRepoList */ = {
			isa = PBXNativeTarget;
			buildConfigurationList = 8AA15E94288415DF005A7D75 /* Build configuration list for PBXNativeTarget "GitHubRepoList" */;
			buildPhases = (
				8AA15E66288415DA005A7D75 /* Sources */,
				8AA15E67288415DA005A7D75 /* Frameworks */,
				8AA15E68288415DA005A7D75 /* Resources */,
			);
			buildRules = (
			);
			dependencies = (
			);
			name = GitHubRepoList;
			productName = GitHubRepoList;
			productReference = 8AA15E6A288415DA005A7D75 /* GitHubRepoList.app */;
			productType = "com.apple.product-type.application";
		};
		8AA15E7F288415DF005A7D75 /* GitHubRepoListTests */ = {
			isa = PBXNativeTarget;
			buildConfigurationList = 8AA15E97288415DF005A7D75 /* Build configuration list for PBXNativeTarget "GitHubRepoListTests" */;
			buildPhases = (
				8AA15E7C288415DF005A7D75 /* Sources */,
				8AA15E7D288415DF005A7D75 /* Frameworks */,
				8AA15E7E288415DF005A7D75 /* Resources */,
			);
			buildRules = (
			);
			dependencies = (
				8AA15E82288415DF005A7D75 /* PBXTargetDependency */,
			);
			name = GitHubRepoListTests;
			productName = GitHubRepoListTests;
			productReference = 8AA15E80288415DF005A7D75 /* GitHubRepoListTests.xctest */;
			productType = "com.apple.product-type.bundle.unit-test";
		};
		8AA15E89288415DF005A7D75 /* GitHubRepoListUITests */ = {
			isa = PBXNativeTarget;
			buildConfigurationList = 8AA15E9A288415DF005A7D75 /* Build configuration list for PBXNativeTarget "GitHubRepoListUITests" */;
			buildPhases = (
				8AA15E86288415DF005A7D75 /* Sources */,
				8AA15E87288415DF005A7D75 /* Frameworks */,
				8AA15E88288415DF005A7D75 /* Resources */,
			);
			buildRules = (
			);
			dependencies = (
				8AA15E8C288415DF005A7D75 /* PBXTargetDependency */,
			);
			name = GitHubRepoListUITests;
			productName = GitHubRepoListUITests;
			productReference = 8AA15E8A288415DF005A7D75 /* GitHubRepoListUITests.xctest */;
			productType = "com.apple.product-type.bundle.ui-testing";
		};
/* End PBXNativeTarget section */

/* Begin PBXProject section */
		8AA15E62288415D9005A7D75 /* Project object */ = {
			isa = PBXProject;
			attributes = {
				BuildIndependentTargetsInParallel = 1;
				LastSwiftUpdateCheck = 1310;
				LastUpgradeCheck = 1310;
				TargetAttributes = {
					8AA15E69288415DA005A7D75 = {
						CreatedOnToolsVersion = 13.1;
					};
					8AA15E7F288415DF005A7D75 = {
						CreatedOnToolsVersion = 13.1;
						TestTargetID = 8AA15E69288415DA005A7D75;
					};
					8AA15E89288415DF005A7D75 = {
						CreatedOnToolsVersion = 13.1;
						TestTargetID = 8AA15E69288415DA005A7D75;
					};
				};
			};
			buildConfigurationList = 8AA15E65288415D9005A7D75 /* Build configuration list for PBXProject "GitHubRepoList" */;
			compatibilityVersion = "Xcode 13.0";
			developmentRegion = en;
			hasScannedForEncodings = 0;
			knownRegions = (
				en,
				Base,
			);
			mainGroup = 8AA15E61288415D9005A7D75;
			productRefGroup = 8AA15E6B288415DA005A7D75 /* Products */;
			projectDirPath = "";
			projectRoot = "";
			targets = (
				8AA15E69288415DA005A7D75 /* GitHubRepoList */,
				8AA15E7F288415DF005A7D75 /* GitHubRepoListTests */,
				8AA15E89288415DF005A7D75 /* GitHubRepoListUITests */,
			);
		};
/* End PBXProject section */

/* Begin PBXResourcesBuildPhase section */
		8AA15E68288415DA005A7D75 /* Resources */ = {
			isa = PBXResourcesBuildPhase;
			buildActionMask = 2147483647;
			files = (
				8AA15E7A288415DE005A7D75 /* LaunchScreen.storyboard in Resources */,
				8AA15EB528843376005A7D75 /* ProfileTableViewCell.xib in Resources */,
				8AA15E77288415DE005A7D75 /* Assets.xcassets in Resources */,
				8AA15EA628841890005A7D75 /* ProfileViewController.xib in Resources */,
				8AA15EB928844A53005A7D75 /* RepoTableViewCell.xib in Resources */,
			);
			runOnlyForDeploymentPostprocessing = 0;
		};
		8AA15E7E288415DF005A7D75 /* Resources */ = {
			isa = PBXResourcesBuildPhase;
			buildActionMask = 2147483647;
			files = (
			);
			runOnlyForDeploymentPostprocessing = 0;
		};
		8AA15E88288415DF005A7D75 /* Resources */ = {
			isa = PBXResourcesBuildPhase;
			buildActionMask = 2147483647;
			files = (
			);
			runOnlyForDeploymentPostprocessing = 0;
		};
/* End PBXResourcesBuildPhase section */

/* Begin PBXSourcesBuildPhase section */
		8AA15E66288415DA005A7D75 /* Sources */ = {
			isa = PBXSourcesBuildPhase;
			buildActionMask = 2147483647;
			files = (
				8AA15EAE288421D3005A7D75 /* ProfileInfo.swift in Sources */,
				8AA15EAA28842145005A7D75 /* NetworkManager.swift in Sources */,
				8AAEC6602889C0460009C73C /* ImageLoader.swift in Sources */,
				8AA15EA528841890005A7D75 /* ProfileViewController.swift in Sources */,
				8AAEC65D2889B1AF0009C73C /* RepoInfo.swift in Sources */,
				8AA15EB828844A53005A7D75 /* RepoTableViewCell.swift in Sources */,
				8AA15EB428843376005A7D75 /* ProfileTableViewCell.swift in Sources */,
				8AAEC6632889C0D80009C73C /* Constants.swift in Sources */,
				8AA15E6E288415DA005A7D75 /* AppDelegate.swift in Sources */,
				8AA15EA12884175F005A7D75 /* AppNavigationHandler.swift in Sources */,
				8AA15E9E28841686005A7D75 /* RootViewController.swift in Sources */,
				8AA15EB0288423D9005A7D75 /* ProfileViewModel.swift in Sources */,
				8AA15E70288415DA005A7D75 /* SceneDelegate.swift in Sources */,
			);
			runOnlyForDeploymentPostprocessing = 0;
		};
		8AA15E7C288415DF005A7D75 /* Sources */ = {
			isa = PBXSourcesBuildPhase;
			buildActionMask = 2147483647;
			files = (
				8AA15E85288415DF005A7D75 /* GitHubRepoListTests.swift in Sources */,
			);
			runOnlyForDeploymentPostprocessing = 0;
		};
		8AA15E86288415DF005A7D75 /* Sources */ = {
			isa = PBXSourcesBuildPhase;
			buildActionMask = 2147483647;
			files = (
				8AA15E8F288415DF005A7D75 /* GitHubRepoListUITests.swift in Sources */,
				8AA15E91288415DF005A7D75 /* GitHubRepoListUITestsLaunchTests.swift in Sources */,
			);
			runOnlyForDeploymentPostprocessing = 0;
		};
/* End PBXSourcesBuildPhase section */

/* Begin PBXTargetDependency section */
		8AA15E82288415DF005A7D75 /* PBXTargetDependency */ = {
			isa = PBXTargetDependency;
			target = 8AA15E69288415DA005A7D75 /* GitHubRepoList */;
			targetProxy = 8AA15E81288415DF005A7D75 /* PBXContainerItemProxy */;
		};
		8AA15E8C288415DF005A7D75 /* PBXTargetDependency */ = {
			isa = PBXTargetDependency;
			target = 8AA15E69288415DA005A7D75 /* GitHubRepoList */;
			targetProxy = 8AA15E8B288415DF005A7D75 /* PBXContainerItemProxy */;
		};
/* End PBXTargetDependency section */

/* Begin PBXVariantGroup section */
		8AA15E78288415DE005A7D75 /* LaunchScreen.storyboard */ = {
			isa = PBXVariantGroup;
			children = (
				8AA15E79288415DE005A7D75 /* Base */,
			);
			name = LaunchScreen.storyboard;
			sourceTree = "<group>";
		};
/* End PBXVariantGroup section */

/* Begin XCBuildConfiguration section */
		8AA15E92288415DF005A7D75 /* Debug */ = {
			isa = XCBuildConfiguration;
			buildSettings = {
				ALWAYS_SEARCH_USER_PATHS = NO;
				CLANG_ANALYZER_NONNULL = YES;
				CLANG_ANALYZER_NUMBER_OBJECT_CONVERSION = YES_AGGRESSIVE;
				CLANG_CXX_LANGUAGE_STANDARD = "gnu++17";
				CLANG_CXX_LIBRARY = "libc++";
				CLANG_ENABLE_MODULES = YES;
				CLANG_ENABLE_OBJC_ARC = YES;
				CLANG_ENABLE_OBJC_WEAK = YES;
				CLANG_WARN_BLOCK_CAPTURE_AUTORELEASING = YES;
				CLANG_WARN_BOOL_CONVERSION = YES;
				CLANG_WARN_COMMA = YES;
				CLANG_WARN_CONSTANT_CONVERSION = YES;
				CLANG_WARN_DEPRECATED_OBJC_IMPLEMENTATIONS = YES;
				CLANG_WARN_DIRECT_OBJC_ISA_USAGE = YES_ERROR;
				CLANG_WARN_DOCUMENTATION_COMMENTS = YES;
				CLANG_WARN_EMPTY_BODY = YES;
				CLANG_WARN_ENUM_CONVERSION = YES;
				CLANG_WARN_INFINITE_RECURSION = YES;
				CLANG_WARN_INT_CONVERSION = YES;
				CLANG_WARN_NON_LITERAL_NULL_CONVERSION = YES;
				CLANG_WARN_OBJC_IMPLICIT_RETAIN_SELF = YES;
				CLANG_WARN_OBJC_LITERAL_CONVERSION = YES;
				CLANG_WARN_OBJC_ROOT_CLASS = YES_ERROR;
				CLANG_WARN_QUOTED_INCLUDE_IN_FRAMEWORK_HEADER = YES;
				CLANG_WARN_RANGE_LOOP_ANALYSIS = YES;
				CLANG_WARN_STRICT_PROTOTYPES = YES;
				CLANG_WARN_SUSPICIOUS_MOVE = YES;
				CLANG_WARN_UNGUARDED_AVAILABILITY = YES_AGGRESSIVE;
				CLANG_WARN_UNREACHABLE_CODE = YES;
				CLANG_WARN__DUPLICATE_METHOD_MATCH = YES;
				COPY_PHASE_STRIP = NO;
				DEBUG_INFORMATION_FORMAT = dwarf;
				ENABLE_STRICT_OBJC_MSGSEND = YES;
				ENABLE_TESTABILITY = YES;
				GCC_C_LANGUAGE_STANDARD = gnu11;
				GCC_DYNAMIC_NO_PIC = NO;
				GCC_NO_COMMON_BLOCKS = YES;
				GCC_OPTIMIZATION_LEVEL = 0;
				GCC_PREPROCESSOR_DEFINITIONS = (
					"DEBUG=1",
					"$(inherited)",
				);
				GCC_WARN_64_TO_32_BIT_CONVERSION = YES;
				GCC_WARN_ABOUT_RETURN_TYPE = YES_ERROR;
				GCC_WARN_UNDECLARED_SELECTOR = YES;
				GCC_WARN_UNINITIALIZED_AUTOS = YES_AGGRESSIVE;
				GCC_WARN_UNUSED_FUNCTION = YES;
				GCC_WARN_UNUSED_VARIABLE = YES;
				IPHONEOS_DEPLOYMENT_TARGET = 15.0;
				MTL_ENABLE_DEBUG_INFO = INCLUDE_SOURCE;
				MTL_FAST_MATH = YES;
				ONLY_ACTIVE_ARCH = YES;
				SDKROOT = iphoneos;
				SWIFT_ACTIVE_COMPILATION_CONDITIONS = DEBUG;
				SWIFT_OPTIMIZATION_LEVEL = "-Onone";
			};
			name = Debug;
		};
		8AA15E93288415DF005A7D75 /* Release */ = {
			isa = XCBuildConfiguration;
			buildSettings = {
				ALWAYS_SEARCH_USER_PATHS = NO;
				CLANG_ANALYZER_NONNULL = YES;
				CLANG_ANALYZER_NUMBER_OBJECT_CONVERSION = YES_AGGRESSIVE;
				CLANG_CXX_LANGUAGE_STANDARD = "gnu++17";
				CLANG_CXX_LIBRARY = "libc++";
				CLANG_ENABLE_MODULES = YES;
				CLANG_ENABLE_OBJC_ARC = YES;
				CLANG_ENABLE_OBJC_WEAK = YES;
				CLANG_WARN_BLOCK_CAPTURE_AUTORELEASING = YES;
				CLANG_WARN_BOOL_CONVERSION = YES;
				CLANG_WARN_COMMA = YES;
				CLANG_WARN_CONSTANT_CONVERSION = YES;
				CLANG_WARN_DEPRECATED_OBJC_IMPLEMENTATIONS = YES;
				CLANG_WARN_DIRECT_OBJC_ISA_USAGE = YES_ERROR;
				CLANG_WARN_DOCUMENTATION_COMMENTS = YES;
				CLANG_WARN_EMPTY_BODY = YES;
				CLANG_WARN_ENUM_CONVERSION = YES;
				CLANG_WARN_INFINITE_RECURSION = YES;
				CLANG_WARN_INT_CONVERSION = YES;
				CLANG_WARN_NON_LITERAL_NULL_CONVERSION = YES;
				CLANG_WARN_OBJC_IMPLICIT_RETAIN_SELF = YES;
				CLANG_WARN_OBJC_LITERAL_CONVERSION = YES;
				CLANG_WARN_OBJC_ROOT_CLASS = YES_ERROR;
				CLANG_WARN_QUOTED_INCLUDE_IN_FRAMEWORK_HEADER = YES;
				CLANG_WARN_RANGE_LOOP_ANALYSIS = YES;
				CLANG_WARN_STRICT_PROTOTYPES = YES;
				CLANG_WARN_SUSPICIOUS_MOVE = YES;
				CLANG_WARN_UNGUARDED_AVAILABILITY = YES_AGGRESSIVE;
				CLANG_WARN_UNREACHABLE_CODE = YES;
				CLANG_WARN__DUPLICATE_METHOD_MATCH = YES;
				COPY_PHASE_STRIP = NO;
				DEBUG_INFORMATION_FORMAT = "dwarf-with-dsym";
				ENABLE_NS_ASSERTIONS = NO;
				ENABLE_STRICT_OBJC_MSGSEND = YES;
				GCC_C_LANGUAGE_STANDARD = gnu11;
				GCC_NO_COMMON_BLOCKS = YES;
				GCC_WARN_64_TO_32_BIT_CONVERSION = YES;
				GCC_WARN_ABOUT_RETURN_TYPE = YES_ERROR;
				GCC_WARN_UNDECLARED_SELECTOR = YES;
				GCC_WARN_UNINITIALIZED_AUTOS = YES_AGGRESSIVE;
				GCC_WARN_UNUSED_FUNCTION = YES;
				GCC_WARN_UNUSED_VARIABLE = YES;
				IPHONEOS_DEPLOYMENT_TARGET = 15.0;
				MTL_ENABLE_DEBUG_INFO = NO;
				MTL_FAST_MATH = YES;
				SDKROOT = iphoneos;
				SWIFT_COMPILATION_MODE = wholemodule;
				SWIFT_OPTIMIZATION_LEVEL = "-O";
				VALIDATE_PRODUCT = YES;
			};
			name = Release;
		};
		8AA15E95288415DF005A7D75 /* Debug */ = {
			isa = XCBuildConfiguration;
			buildSettings = {
				ASSETCATALOG_COMPILER_APPICON_NAME = AppIcon;
				ASSETCATALOG_COMPILER_GLOBAL_ACCENT_COLOR_NAME = AccentColor;
				CODE_SIGN_STYLE = Automatic;
				CURRENT_PROJECT_VERSION = 1;
				DEVELOPMENT_TEAM = YG29MU7ZP6;
				GENERATE_INFOPLIST_FILE = YES;
				INFOPLIST_FILE = GitHubRepoList/Info.plist;
				INFOPLIST_KEY_UIApplicationSupportsIndirectInputEvents = YES;
				INFOPLIST_KEY_UILaunchStoryboardName = LaunchScreen;
				INFOPLIST_KEY_UISupportedInterfaceOrientations_iPad = "UIInterfaceOrientationPortrait UIInterfaceOrientationPortraitUpsideDown UIInterfaceOrientationLandscapeLeft UIInterfaceOrientationLandscapeRight";
				INFOPLIST_KEY_UISupportedInterfaceOrientations_iPhone = "UIInterfaceOrientationPortrait UIInterfaceOrientationLandscapeLeft UIInterfaceOrientationLandscapeRight";
				LD_RUNPATH_SEARCH_PATHS = (
					"$(inherited)",
					"@executable_path/Frameworks",
				);
				MARKETING_VERSION = 1.0;
				PRODUCT_BUNDLE_IDENTIFIER = sagar.GitHubRepoList;
				PRODUCT_NAME = "$(TARGET_NAME)";
				SWIFT_EMIT_LOC_STRINGS = YES;
				SWIFT_VERSION = 5.0;
				TARGETED_DEVICE_FAMILY = 1;
			};
			name = Debug;
		};
		8AA15E96288415DF005A7D75 /* Release */ = {
			isa = XCBuildConfiguration;
			buildSettings = {
				ASSETCATALOG_COMPILER_APPICON_NAME = AppIcon;
				ASSETCATALOG_COMPILER_GLOBAL_ACCENT_COLOR_NAME = AccentColor;
				CODE_SIGN_STYLE = Automatic;
				CURRENT_PROJECT_VERSION = 1;
				DEVELOPMENT_TEAM = YG29MU7ZP6;
				GENERATE_INFOPLIST_FILE = YES;
				INFOPLIST_FILE = GitHubRepoList/Info.plist;
				INFOPLIST_KEY_UIApplicationSupportsIndirectInputEvents = YES;
				INFOPLIST_KEY_UILaunchStoryboardName = LaunchScreen;
				INFOPLIST_KEY_UISupportedInterfaceOrientations_iPad = "UIInterfaceOrientationPortrait UIInterfaceOrientationPortraitUpsideDown UIInterfaceOrientationLandscapeLeft UIInterfaceOrientationLandscapeRight";
				INFOPLIST_KEY_UISupportedInterfaceOrientations_iPhone = "UIInterfaceOrientationPortrait UIInterfaceOrientationLandscapeLeft UIInterfaceOrientationLandscapeRight";
				LD_RUNPATH_SEARCH_PATHS = (
					"$(inherited)",
					"@executable_path/Frameworks",
				);
				MARKETING_VERSION = 1.0;
				PRODUCT_BUNDLE_IDENTIFIER = sagar.GitHubRepoList;
				PRODUCT_NAME = "$(TARGET_NAME)";
				SWIFT_EMIT_LOC_STRINGS = YES;
				SWIFT_VERSION = 5.0;
				TARGETED_DEVICE_FAMILY = 1;
			};
			name = Release;
		};
		8AA15E98288415DF005A7D75 /* Debug */ = {
			isa = XCBuildConfiguration;
			buildSettings = {
				ALWAYS_EMBED_SWIFT_STANDARD_LIBRARIES = YES;
				BUNDLE_LOADER = "$(TEST_HOST)";
				CODE_SIGN_STYLE = Automatic;
				CURRENT_PROJECT_VERSION = 1;
				DEVELOPMENT_TEAM = YG29MU7ZP6;
				GENERATE_INFOPLIST_FILE = YES;
				IPHONEOS_DEPLOYMENT_TARGET = 15.0;
				LD_RUNPATH_SEARCH_PATHS = (
					"$(inherited)",
					"@executable_path/Frameworks",
					"@loader_path/Frameworks",
				);
				MARKETING_VERSION = 1.0;
				PRODUCT_BUNDLE_IDENTIFIER = sagar.GitHubRepoListTests;
				PRODUCT_NAME = "$(TARGET_NAME)";
				SWIFT_EMIT_LOC_STRINGS = NO;
				SWIFT_VERSION = 5.0;
				TARGETED_DEVICE_FAMILY = "1,2";
				TEST_HOST = "$(BUILT_PRODUCTS_DIR)/GitHubRepoList.app/GitHubRepoList";
			};
			name = Debug;
		};
		8AA15E99288415DF005A7D75 /* Release */ = {
			isa = XCBuildConfiguration;
			buildSettings = {
				ALWAYS_EMBED_SWIFT_STANDARD_LIBRARIES = YES;
				BUNDLE_LOADER = "$(TEST_HOST)";
				CODE_SIGN_STYLE = Automatic;
				CURRENT_PROJECT_VERSION = 1;
				DEVELOPMENT_TEAM = YG29MU7ZP6;
				GENERATE_INFOPLIST_FILE = YES;
				IPHONEOS_DEPLOYMENT_TARGET = 15.0;
				LD_RUNPATH_SEARCH_PATHS = (
					"$(inherited)",
					"@executable_path/Frameworks",
					"@loader_path/Frameworks",
				);
				MARKETING_VERSION = 1.0;
				PRODUCT_BUNDLE_IDENTIFIER = sagar.GitHubRepoListTests;
				PRODUCT_NAME = "$(TARGET_NAME)";
				SWIFT_EMIT_LOC_STRINGS = NO;
				SWIFT_VERSION = 5.0;
				TARGETED_DEVICE_FAMILY = "1,2";
				TEST_HOST = "$(BUILT_PRODUCTS_DIR)/GitHubRepoList.app/GitHubRepoList";
			};
			name = Release;
		};
		8AA15E9B288415DF005A7D75 /* Debug */ = {
			isa = XCBuildConfiguration;
			buildSettings = {
				ALWAYS_EMBED_SWIFT_STANDARD_LIBRARIES = YES;
				CODE_SIGN_STYLE = Automatic;
				CURRENT_PROJECT_VERSION = 1;
				DEVELOPMENT_TEAM = YG29MU7ZP6;
				GENERATE_INFOPLIST_FILE = YES;
				LD_RUNPATH_SEARCH_PATHS = (
					"$(inherited)",
					"@executable_path/Frameworks",
					"@loader_path/Frameworks",
				);
				MARKETING_VERSION = 1.0;
				PRODUCT_BUNDLE_IDENTIFIER = sagar.GitHubRepoListUITests;
				PRODUCT_NAME = "$(TARGET_NAME)";
				SWIFT_EMIT_LOC_STRINGS = NO;
				SWIFT_VERSION = 5.0;
				TARGETED_DEVICE_FAMILY = "1,2";
				TEST_TARGET_NAME = GitHubRepoList;
			};
			name = Debug;
		};
		8AA15E9C288415DF005A7D75 /* Release */ = {
			isa = XCBuildConfiguration;
			buildSettings = {
				ALWAYS_EMBED_SWIFT_STANDARD_LIBRARIES = YES;
				CODE_SIGN_STYLE = Automatic;
				CURRENT_PROJECT_VERSION = 1;
				DEVELOPMENT_TEAM = YG29MU7ZP6;
				GENERATE_INFOPLIST_FILE = YES;
				LD_RUNPATH_SEARCH_PATHS = (
					"$(inherited)",
					"@executable_path/Frameworks",
					"@loader_path/Frameworks",
				);
				MARKETING_VERSION = 1.0;
				PRODUCT_BUNDLE_IDENTIFIER = sagar.GitHubRepoListUITests;
				PRODUCT_NAME = "$(TARGET_NAME)";
				SWIFT_EMIT_LOC_STRINGS = NO;
				SWIFT_VERSION = 5.0;
				TARGETED_DEVICE_FAMILY = "1,2";
				TEST_TARGET_NAME = GitHubRepoList;
			};
			name = Release;
		};
/* End XCBuildConfiguration section */

/* Begin XCConfigurationList section */
		8AA15E65288415D9005A7D75 /* Build configuration list for PBXProject "GitHubRepoList" */ = {
			isa = XCConfigurationList;
			buildConfigurations = (
				8AA15E92288415DF005A7D75 /* Debug */,
				8AA15E93288415DF005A7D75 /* Release */,
			);
			defaultConfigurationIsVisible = 0;
			defaultConfigurationName = Release;
		};
		8AA15E94288415DF005A7D75 /* Build configuration list for PBXNativeTarget "GitHubRepoList" */ = {
			isa = XCConfigurationList;
			buildConfigurations = (
				8AA15E95288415DF005A7D75 /* Debug */,
				8AA15E96288415DF005A7D75 /* Release */,
			);
			defaultConfigurationIsVisible = 0;
			defaultConfigurationName = Release;
		};
		8AA15E97288415DF005A7D75 /* Build configuration list for PBXNativeTarget "GitHubRepoListTests" */ = {
			isa = XCConfigurationList;
			buildConfigurations = (
				8AA15E98288415DF005A7D75 /* Debug */,
				8AA15E99288415DF005A7D75 /* Release */,
			);
			defaultConfigurationIsVisible = 0;
			defaultConfigurationName = Release;
		};
		8AA15E9A288415DF005A7D75 /* Build configuration list for PBXNativeTarget "GitHubRepoListUITests" */ = {
			isa = XCConfigurationList;
			buildConfigurations = (
				8AA15E9B288415DF005A7D75 /* Debug */,
				8AA15E9C288415DF005A7D75 /* Release */,
			);
			defaultConfigurationIsVisible = 0;
			defaultConfigurationName = Release;
		};
/* End XCConfigurationList section */
	};
	rootObject = 8AA15E62288415D9005A7D75 /* Project object */;
}
